
Microsoft Visual Studio Solution File, Format Version 12.00
# Visual Studio Version 17
VisualStudioVersion = 17.0.31521.260
MinimumVisualStudioVersion = 10.0.40219.1
Project("{9A19103F-16F7-4668-BE54-9A1E7A4F7556}") = "SuperSurvey.WebApp", "SuperSurvey.WebApp\SuperSurvey.WebApp.csproj", "{EECFE325-1507-4FB1-BD1B-04D5C287B1C1}"
EndProject
Project("{9A19103F-16F7-4668-BE54-9A1E7A4F7556}") = "SuperSurvey.Domain", "SuperSurvey.Domain\SuperSurvey.Domain.csproj", "{0859599E-186D-4459-A9E7-CB7356F2F79A}"
EndProject
Project("{9A19103F-16F7-4668-BE54-9A1E7A4F7556}") = "SuperSurvey.UseCases", "SuperSurvey.UseCases\SuperSurvey.UseCases.csproj", "{1D8E63B8-21D1-4464-B436-EC9498CEF99E}"
EndProject
Project("{9A19103F-16F7-4668-BE54-9A1E7A4F7556}") = "SuperSurvey.Adapters", "SuperSurvey.Adapters\SuperSurvey.Adapters.csproj", "{DDA80FC3-8531-4D30-AB3A-A1174DB601BB}"
EndProject
Project("{9A19103F-16F7-4668-BE54-9A1E7A4F7556}") = "SuperSurvey.Adapters.Tests", "SuperSurvey.Adapters.Tests\SuperSurvey.Adapters.Tests.csproj", "{08F0799C-1854-4108-8A84-F9C2E8FE1B44}"
EndProject
Project("{9A19103F-16F7-4668-BE54-9A1E7A4F7556}") = "SuperSurvey.Domain.Tests", "SuperSurvey.Domain.Tests\SuperSurvey.Domain.Tests.csproj", "{6FAAE467-CA93-4239-9421-F08B6CE1FA86}"
EndProject
Project("{9A19103F-16F7-4668-BE54-9A1E7A4F7556}") = "SuperSurvey.UseCases.Tests", "SuperSurvey.UseCases.Tests\SuperSurvey.UseCases.Tests.csproj", "{EE650BC6-E406-4386-8B78-E69260431A07}"
EndProject
Project("{2150E333-8FDC-42A3-9474-1A3956D46DE8}") = "src", "src", "{9F535B0B-FF82-44FF-95A6-3D09CC065132}"
EndProject
Project("{2150E333-8FDC-42A3-9474-1A3956D46DE8}") = "tests", "tests", "{70A03DF9-7121-4CA6-84D2-A610EA649DF3}"
EndProject
Global
	GlobalSection(SolutionConfigurationPlatforms) = preSolution
		Debug|Any CPU = Debug|Any CPU
		Release|Any CPU = Release|Any CPU
	EndGlobalSection
	GlobalSection(ProjectConfigurationPlatforms) = postSolution
		{EECFE325-1507-4FB1-BD1B-04D5C287B1C1}.Debug|Any CPU.ActiveCfg = Debug|Any CPU
		{EECFE325-1507-4FB1-BD1B-04D5C287B1C1}.Debug|Any CPU.Build.0 = Debug|Any CPU
		{EECFE325-1507-4FB1-BD1B-04D5C287B1C1}.Release|Any CPU.ActiveCfg = Release|Any CPU
		{EECFE325-1507-4FB1-BD1B-04D5C287B1C1}.Release|Any CPU.Build.0 = Release|Any CPU
		{0859599E-186D-4459-A9E7-CB7356F2F79A}.Debug|Any CPU.ActiveCfg = Debug|Any CPU
		{0859599E-186D-4459-A9E7-CB7356F2F79A}.Debug|Any CPU.Build.0 = Debug|Any CPU
		{0859599E-186D-4459-A9E7-CB7356F2F79A}.Release|Any CPU.ActiveCfg = Release|Any CPU
		{0859599E-186D-4459-A9E7-CB7356F2F79A}.Release|Any CPU.Build.0 = Release|Any CPU
		{1D8E63B8-21D1-4464-B436-EC9498CEF99E}.Debug|Any CPU.ActiveCfg = Debug|Any CPU
		{1D8E63B8-21D1-4464-B436-EC9498CEF99E}.Debug|Any CPU.Build.0 = Debug|Any CPU
		{1D8E63B8-21D1-4464-B436-EC9498CEF99E}.Release|Any CPU.ActiveCfg = Release|Any CPU
		{1D8E63B8-21D1-4464-B436-EC9498CEF99E}.Release|Any CPU.Build.0 = Release|Any CPU
		{DDA80FC3-8531-4D30-AB3A-A1174DB601BB}.Debug|Any CPU.ActiveCfg = Debug|Any CPU
		{DDA80FC3-8531-4D30-AB3A-A1174DB601BB}.Debug|Any CPU.Build.0 = Debug|Any CPU
		{DDA80FC3-8531-4D30-AB3A-A1174DB601BB}.Release|Any CPU.ActiveCfg = Release|Any CPU
		{DDA80FC3-8531-4D30-AB3A-A1174DB601BB}.Release|Any CPU.Build.0 = Release|Any CPU
		{08F0799C-1854-4108-8A84-F9C2E8FE1B44}.Debug|Any CPU.ActiveCfg = Debug|Any CPU
		{08F0799C-1854-4108-8A84-F9C2E8FE1B44}.Debug|Any CPU.Build.0 = Debug|Any CPU
		{08F0799C-1854-4108-8A84-F9C2E8FE1B44}.Release|Any CPU.ActiveCfg = Release|Any CPU
		{08F0799C-1854-4108-8A84-F9C2E8FE1B44}.Release|Any CPU.Build.0 = Release|Any CPU
		{6FAAE467-CA93-4239-9421-F08B6CE1FA86}.Debug|Any CPU.ActiveCfg = Debug|Any CPU
		{6FAAE467-CA93-4239-9421-F08B6CE1FA86}.Debug|Any CPU.Build.0 = Debug|Any CPU
		{6FAAE467-CA93-4239-9421-F08B6CE1FA86}.Release|Any CPU.ActiveCfg = Release|Any CPU
		{6FAAE467-CA93-4239-9421-F08B6CE1FA86}.Release|Any CPU.Build.0 = Release|Any CPU
		{EE650BC6-E406-4386-8B78-E69260431A07}.Debug|Any CPU.ActiveCfg = Debug|Any CPU
		{EE650BC6-E406-4386-8B78-E69260431A07}.Debug|Any CPU.Build.0 = Debug|Any CPU
		{EE650BC6-E406-4386-8B78-E69260431A07}.Release|Any CPU.ActiveCfg = Release|Any CPU
		{EE650BC6-E406-4386-8B78-E69260431A07}.Release|Any CPU.Build.0 = Release|Any CPU
	EndGlobalSection
	GlobalSection(SolutionProperties) = preSolution
		HideSolutionNode = FALSE
	EndGlobalSection
	GlobalSection(NestedProjects) = preSolution
		{EECFE325-1507-4FB1-BD1B-04D5C287B1C1} = {9F535B0B-FF82-44FF-95A6-3D09CC065132}
		{0859599E-186D-4459-A9E7-CB7356F2F79A} = {9F535B0B-FF82-44FF-95A6-3D09CC065132}
		{1D8E63B8-21D1-4464-B436-EC9498CEF99E} = {9F535B0B-FF82-44FF-95A6-3D09CC065132}
		{DDA80FC3-8531-4D30-AB3A-A1174DB601BB} = {9F535B0B-FF82-44FF-95A6-3D09CC065132}
		{08F0799C-1854-4108-8A84-F9C2E8FE1B44} = {70A03DF9-7121-4CA6-84D2-A610EA649DF3}
		{6FAAE467-CA93-4239-9421-F08B6CE1FA86} = {70A03DF9-7121-4CA6-84D2-A610EA649DF3}
		{EE650BC6-E406-4386-8B78-E69260431A07} = {70A03DF9-7121-4CA6-84D2-A610EA649DF3}
	EndGlobalSection
	GlobalSection(ExtensibilityGlobals) = postSolution
		SolutionGuid = {B9BC5C0D-DA4A-489D-ACAD-9B27E527D083}
	EndGlobalSection
EndGlobal
